Microsoft Visual Studio Solution File, Format Version 11.00
# Visual Studio 2008

Project("{15D085BE-FF9D-218C-F499-1D9175FE4D02}") = "Final Draft", "Assembly-CSharp.csproj", "{43049A2A-6F01-DF65-BE5C-1194DED4E670}"
EndProject
Global
	GlobalSection(SolutionConfigurationPlatforms) = preSolution
		Debug|Any CPU = Debug|Any CPU
		Release|Any CPU = Release|Any CPU
	EndGlobalSection
	GlobalSection(ProjectConfigurationPlatforms) = postSolution
		{43049A2A-6F01-DF65-BE5C-1194DED4E670}.Debug|Any CPU.ActiveCfg = Debug|Any CPU
		{43049A2A-6F01-DF65-BE5C-1194DED4E670}.Debug|Any CPU.Build.0 = Debug|Any CPU
		{43049A2A-6F01-DF65-BE5C-1194DED4E670}.Release|Any CPU.ActiveCfg = Release|Any CPU
		{43049A2A-6F01-DF65-BE5C-1194DED4E670}.Release|Any CPU.Build.0 = Release|Any CPU
	EndGlobalSection
	GlobalSection(SolutionProperties) = preSolution
		HideSolutionNode = FALSE
	EndGlobalSection
	GlobalSection(MonoDevelopProperties) = preSolution
		StartupItem = Assembly-CSharp.csproj
	EndGlobalSection
EndGlobal
